
Microsoft Visual Studio Solution File, Format Version 12.00
# Visual Studio 11
Project("{E24C65DC-7377-472B-9ABA-BC803B73C61A}") = "Chapter16", "http://localhost:19952", "{29C88E77-AA89-4CFE-B13D-A9DFF739E9CD}"
	ProjectSection(WebsiteProperties) = preProject
		Debug.AspNetCompiler.Debug = "True"
		Debug.AspNetCompiler.FixedNames = "false"
		Debug.AspNetCompiler.ForceOverwrite = "true"
		Debug.AspNetCompiler.PhysicalPath = "..\..\..\..\..\..\VidyaVrat\C#2012 and SQL 2012\Chapter16\Code\Chapter16\"
		Debug.AspNetCompiler.TargetPath = "PrecompiledWeb\localhost_19952\"
		Debug.AspNetCompiler.Updateable = "true"
		Debug.AspNetCompiler.VirtualPath = "/localhost_19952"
		DefaultWebSiteLanguage = "Visual C#"
		Release.AspNetCompiler.Debug = "False"
		Release.AspNetCompiler.FixedNames = "false"
		Release.AspNetCompiler.ForceOverwrite = "true"
		Release.AspNetCompiler.PhysicalPath = "..\..\..\..\..\..\VidyaVrat\C#2012 and SQL 2012\Chapter16\Code\Chapter16\"
		Release.AspNetCompiler.TargetPath = "PrecompiledWeb\localhost_19952\"
		Release.AspNetCompiler.Updateable = "true"
		Release.AspNetCompiler.VirtualPath = "/localhost_19952"
		SlnRelativePath = "..\..\..\..\..\..\VidyaVrat\C#2012 and SQL 2012\Chapter16\Code\Chapter16\"
		TargetFrameworkMoniker = ".NETFramework,Version%3Dv4.0"
		UseIISExpress = "true"
	EndProjectSection
	ProjectSection(WebsiteProperties) = preProject
		Debug.AspNetCompiler.Debug = "True"
		Debug.AspNetCompiler.FixedNames = "false"
		Debug.AspNetCompiler.ForceOverwrite = "true"
		Debug.AspNetCompiler.PhysicalPath = "..\..\..\..\..\..\VidyaVrat\C#2012 and SQL 2012\Chapter16\Code\Chapter16\"
		Debug.AspNetCompiler.TargetPath = "PrecompiledWeb\localhost_19952\"
		Debug.AspNetCompiler.Updateable = "true"
		Debug.AspNetCompiler.VirtualPath = "/localhost_19952"
		DefaultWebSiteLanguage = "Visual C#"
		Release.AspNetCompiler.Debug = "False"
		Release.AspNetCompiler.FixedNames = "false"
		Release.AspNetCompiler.ForceOverwrite = "true"
		Release.AspNetCompiler.PhysicalPath = "..\..\..\..\..\..\VidyaVrat\C#2012 and SQL 2012\Chapter16\Code\Chapter16\"
		Release.AspNetCompiler.TargetPath = "PrecompiledWeb\localhost_19952\"
		Release.AspNetCompiler.Updateable = "true"
		Release.AspNetCompiler.VirtualPath = "/localhost_19952"
		SlnRelativePath = "..\..\..\..\..\..\VidyaVrat\C#2012 and SQL 2012\Chapter16\Code\Chapter16\"
		TargetFrameworkMoniker = ".NETFramework,Version%3Dv4.0"
		UseIISExpress = "true"
	EndProjectSection
EndProject
Global
	GlobalSection(SolutionConfigurationPlatforms) = preSolution
		Debug|Any CPU = Debug|Any CPU
	EndGlobalSection
	GlobalSection(ProjectConfigurationPlatforms) = postSolution
		{29C88E77-AA89-4CFE-B13D-A9DFF739E9CD}.Debug|Any CPU.ActiveCfg = Debug|Any CPU
		{29C88E77-AA89-4CFE-B13D-A9DFF739E9CD}.Debug|Any CPU.Build.0 = Debug|Any CPU
	EndGlobalSection
	GlobalSection(SolutionProperties) = preSolution
		HideSolutionNode = FALSE
	EndGlobalSection
EndGlobal
